
Microsoft Visual Studio Solution File, Format Version 12.00
# Visual Studio Version 17
VisualStudioVersion = 17.2.32616.157
MinimumVisualStudioVersion = 10.0.40219.1
Project("{FAE04EC0-301F-11D3-BF4B-00C04F79EFBC}") = "CrosswordMaker", "CrosswordMaker\CrosswordMaker.csproj", "{1CBD6B7B-48CB-40CD-8A1F-545B2D6FA2A6}"
EndProject
Global
	GlobalSection(SolutionConfigurationPlatforms) = preSolution
		Debug|Any CPU = Debug|Any CPU
		Release|Any CPU = Release|Any CPU
	EndGlobalSection
	GlobalSection(ProjectConfigurationPlatforms) = postSolution
		{1CBD6B7B-48CB-40CD-8A1F-545B2D6FA2A6}.Debug|Any CPU.ActiveCfg = Debug|Any CPU
		{1CBD6B7B-48CB-40CD-8A1F-545B2D6FA2A6}.Debug|Any CPU.Build.0 = Debug|Any CPU
		{1CBD6B7B-48CB-40CD-8A1F-545B2D6FA2A6}.Release|Any CPU.ActiveCfg = Release|Any CPU
		{1CBD6B7B-48CB-40CD-8A1F-545B2D6FA2A6}.Release|Any CPU.Build.0 = Release|Any CPU
	EndGlobalSection
	GlobalSection(SolutionProperties) = preSolution
		HideSolutionNode = FALSE
	EndGlobalSection
	GlobalSection(ExtensibilityGlobals) = postSolution
		SolutionGuid = {4A8479A9-EEF8-444F-9080-857F1B769F27}
	EndGlobalSection
EndGlobal
